
Microsoft Visual Studio Solution File, Format Version 10.00
# Visual Studio 2008
Project("{FAE04EC0-301F-11D3-BF4B-00C04F79EFBC}") = "jieyouzahuodian", "jieyouzahuodian.csproj", "{145D1504-CB08-4D71-9D2B-7BA1C5707902}"
EndProject
Global
	GlobalSection(SolutionConfigurationPlatforms) = preSolution
		Debug|Any CPU = Debug|Any CPU
		Release|Any CPU = Release|Any CPU
	EndGlobalSection
	GlobalSection(ProjectConfigurationPlatforms) = postSolution
		{145D1504-CB08-4D71-9D2B-7BA1C5707902}.Debug|Any CPU.ActiveCfg = Debug|Any CPU
		{145D1504-CB08-4D71-9D2B-7BA1C5707902}.Debug|Any CPU.Build.0 = Debug|Any CPU
		{145D1504-CB08-4D71-9D2B-7BA1C5707902}.Release|Any CPU.ActiveCfg = Release|Any CPU
		{145D1504-CB08-4D71-9D2B-7BA1C5707902}.Release|Any CPU.Build.0 = Release|Any CPU
	EndGlobalSection
	GlobalSection(SolutionProperties) = preSolution
		HideSolutionNode = FALSE
	EndGlobalSection
EndGlobal
